
Microsoft Visual Studio Solution File, Format Version 12.00
# Visual Studio Version 17
VisualStudioVersion = 17.6.33815.320
MinimumVisualStudioVersion = 10.0.40219.1
Project("{FAE04EC0-301F-11D3-BF4B-00C04F79EFBC}") = "ConApp-6", "ConApp-6.csproj", "{71D5A897-463D-4A20-BDC6-9E615DC10B64}"
EndProject
Global
	GlobalSection(SolutionConfigurationPlatforms) = preSolution
		Debug|Any CPU = Debug|Any CPU
		Release|Any CPU = Release|Any CPU
	EndGlobalSection
	GlobalSection(ProjectConfigurationPlatforms) = postSolution
		{71D5A897-463D-4A20-BDC6-9E615DC10B64}.Debug|Any CPU.ActiveCfg = Debug|Any CPU
		{71D5A897-463D-4A20-BDC6-9E615DC10B64}.Debug|Any CPU.Build.0 = Debug|Any CPU
		{71D5A897-463D-4A20-BDC6-9E615DC10B64}.Release|Any CPU.ActiveCfg = Release|Any CPU
		{71D5A897-463D-4A20-BDC6-9E615DC10B64}.Release|Any CPU.Build.0 = Release|Any CPU
	EndGlobalSection
	GlobalSection(SolutionProperties) = preSolution
		HideSolutionNode = FALSE
	EndGlobalSection
	GlobalSection(ExtensibilityGlobals) = postSolution
		SolutionGuid = {F603E226-2DFE-41F3-966E-8617D2193491}
	EndGlobalSection
EndGlobal
